// !$*UTF8*$!
{
	archiveVersion = 1;
	classes = {
	};
	objectVersion = 55;
	objects = {

/* Begin PBXBuildFile section */
		4779CEB22870E0010064F5AF /* AppDelegate.swift in Sources */ = {isa = PBXBuildFile; fileRef = 4779CEB12870E0010064F5AF /* AppDelegate.swift */; };
		4779CEB42870E0010064F5AF /* SceneDelegate.swift in Sources */ = {isa = PBXBuildFile; fileRef = 4779CEB32870E0010064F5AF /* SceneDelegate.swift */; };
		4779CEB62870E0010064F5AF /* ViewController.swift in Sources */ = {isa = PBXBuildFile; fileRef = 4779CEB52870E0010064F5AF /* ViewController.swift */; };
		4779CEB92870E0010064F5AF /* Main.storyboard in Resources */ = {isa = PBXBuildFile; fileRef = 4779CEB72870E0010064F5AF /* Main.storyboard */; };
		4779CEBB2870E0020064F5AF /* Assets.xcassets in Resources */ = {isa = PBXBuildFile; fileRef = 4779CEBA2870E0020064F5AF /* Assets.xcassets */; };
		4779CEBE2870E0020064F5AF /* LaunchScreen.storyboard in Resources */ = {isa = PBXBuildFile; fileRef = 4779CEBC2870E0020064F5AF /* LaunchScreen.storyboard */; };
		4779CECA2870E09C0064F5AF /* Crypto.swift in Sources */ = {isa = PBXBuildFile; fileRef = 4779CEC92870E09C0064F5AF /* Crypto.swift */; };
		47A1BBE7287234C40057E42D /* RandomCount.swift in Sources */ = {isa = PBXBuildFile; fileRef = 47A1BBE6287234C40057E42D /* RandomCount.swift */; };
/* End PBXBuildFile section */

/* Begin PBXFileReference section */
		4779CEAE2870E0010064F5AF /* MVC-Arc.app */ = {isa = PBXFileReference; explicitFileType = wrapper.application; includeInIndex = 0; path = "MVC-Arc.app"; sourceTree = BUILT_PRODUCTS_DIR; };
		4779CEB12870E0010064F5AF /* AppDelegate.swift */ = {isa = PBXFileReference; lastKnownFileType = sourcecode.swift; path = AppDelegate.swift; sourceTree = "<group>"; };
		4779CEB32870E0010064F5AF /* SceneDelegate.swift */ = {isa = PBXFileReference; lastKnownFileType = sourcecode.swift; path = SceneDelegate.swift; sourceTree = "<group>"; };
		4779CEB52870E0010064F5AF /* ViewController.swift */ = {isa = PBXFileReference; lastKnownFileType = sourcecode.swift; path = ViewController.swift; sourceTree = "<group>"; };
		4779CEB82870E0010064F5AF /* Base */ = {isa = PBXFileReference; lastKnownFileType = file.storyboard; name = Base; path = Base.lproj/Main.storyboard; sourceTree = "<group>"; };
		4779CEBA2870E0020064F5AF /* Assets.xcassets */ = {isa = PBXFileReference; lastKnownFileType = folder.assetcatalog; path = Assets.xcassets; sourceTree = "<group>"; };
		4779CEBD2870E0020064F5AF /* Base */ = {isa = PBXFileReference; lastKnownFileType = file.storyboard; name = Base; path = Base.lproj/LaunchScreen.storyboard; sourceTree = "<group>"; };
		4779CEBF2870E0020064F5AF /* Info.plist */ = {isa = PBXFileReference; lastKnownFileType = text.plist.xml; path = Info.plist; sourceTree = "<group>"; };
		4779CEC92870E09C0064F5AF /* Crypto.swift */ = {isa = PBXFileReference; lastKnownFileType = sourcecode.swift; path = Crypto.swift; sourceTree = "<group>"; };
		47A1BBE6287234C40057E42D /* RandomCount.swift */ = {isa = PBXFileReference; lastKnownFileType = sourcecode.swift; path = RandomCount.swift; sourceTree = "<group>"; };
/* End PBXFileReference section */

/* Begin PBXFrameworksBuildPhase section */
		4779CEAB2870E0010064F5AF /* Frameworks */ = {
			isa = PBXFrameworksBuildPhase;
			buildActionMask = 2147483647;
			files = (
			);
			runOnlyForDeploymentPostprocessing = 0;
		};
/* End PBXFrameworksBuildPhase section */

/* Begin PBXGroup section */
		4779CEA52870E0010064F5AF = {
			isa = PBXGroup;
			children = (
				4779CEB02870E0010064F5AF /* MVC-Arc */,
				4779CEAF2870E0010064F5AF /* Products */,
			);
			sourceTree = "<group>";
		};
		4779CEAF2870E0010064F5AF /* Products */ = {
			isa = PBXGroup;
			children = (
				4779CEAE2870E0010064F5AF /* MVC-Arc.app */,
			);
			name = Products;
			sourceTree = "<group>";
		};
		4779CEB02870E0010064F5AF /* MVC-Arc */ = {
			isa = PBXGroup;
			children = (
				4779CEC52870E0220064F5AF /* Model */,
				4779CEC62870E02D0064F5AF /* View */,
				4779CEC72870E0330064F5AF /* Controller */,
				4779CEB12870E0010064F5AF /* AppDelegate.swift */,
				4779CEB32870E0010064F5AF /* SceneDelegate.swift */,
				4779CEBA2870E0020064F5AF /* Assets.xcassets */,
				4779CEBF2870E0020064F5AF /* Info.plist */,
			);
			path = "MVC-Arc";
			sourceTree = "<group>";
		};
		4779CEC52870E0220064F5AF /* Model */ = {
			isa = PBXGroup;
			children = (
				47A1BBE52872349E0057E42D /* Helpers */,
				4779CEC92870E09C0064F5AF /* Crypto.swift */,
			);
			path = Model;
			sourceTree = "<group>";
		};
		4779CEC62870E02D0064F5AF /* View */ = {
			isa = PBXGroup;
			children = (
				4779CEC82870E0650064F5AF /* Storyboards */,
			);
			path = View;
			sourceTree = "<group>";
		};
		4779CEC72870E0330064F5AF /* Controller */ = {
			isa = PBXGroup;
			children = (
				4779CEB52870E0010064F5AF /* ViewController.swift */,
			);
			path = Controller;
			sourceTree = "<group>";
		};
		4779CEC82870E0650064F5AF /* Storyboards */ = {
			isa = PBXGroup;
			children = (
				4779CEB72870E0010064F5AF /* Main.storyboard */,
				4779CEBC2870E0020064F5AF /* LaunchScreen.storyboard */,
			);
			path = Storyboards;
			sourceTree = "<group>";
		};
		47A1BBE52872349E0057E42D /* Helpers */ = {
			isa = PBXGroup;
			children = (
				47A1BBE6287234C40057E42D /* RandomCount.swift */,
			);
			path = Helpers;
			sourceTree = "<group>";
		};
/* End PBXGroup section */

/* Begin PBXNativeTarget section */
		4779CEAD2870E0010064F5AF /* MVC-Arc */ = {
			isa = PBXNativeTarget;
			buildConfigurationList = 4779CEC22870E0020064F5AF /* Build configuration list for PBXNativeTarget "MVC-Arc" */;
			buildPhases = (
				4779CEAA2870E0010064F5AF /* Sources */,
				4779CEAB2870E0010064F5AF /* Frameworks */,
				4779CEAC2870E0010064F5AF /* Resources */,
			);
			buildRules = (
			);
			dependencies = (
			);
			name = "MVC-Arc";
			productName = "MVC-Arc";
			productReference = 4779CEAE2870E0010064F5AF /* MVC-Arc.app */;
			productType = "com.apple.product-type.application";
		};
/* End PBXNativeTarget section */

/* Begin PBXProject section */
		4779CEA62870E0010064F5AF /* Project object */ = {
			isa = PBXProject;
			attributes = {
				BuildIndependentTargetsInParallel = 1;
				LastSwiftUpdateCheck = 1340;
				LastUpgradeCheck = 1340;
				TargetAttributes = {
					4779CEAD2870E0010064F5AF = {
						CreatedOnToolsVersion = 13.4.1;
					};
				};
			};
			buildConfigurationList = 4779CEA92870E0010064F5AF /* Build configuration list for PBXProject "MVC-Arc" */;
			compatibilityVersion = "Xcode 13.0";
			developmentRegion = en;
			hasScannedForEncodings = 0;
			knownRegions = (
				en,
				Base,
			);
			mainGroup = 4779CEA52870E0010064F5AF;
			productRefGroup = 4779CEAF2870E0010064F5AF /* Products */;
			projectDirPath = "";
			projectRoot = "";
			targets = (
				4779CEAD2870E0010064F5AF /* MVC-Arc */,
			);
		};
/* End PBXProject section */

/* Begin PBXResourcesBuildPhase section */
		4779CEAC2870E0010064F5AF /* Resources */ = {
			isa = PBXResourcesBuildPhase;
			buildActionMask = 2147483647;
			files = (
				4779CEBE2870E0020064F5AF /* LaunchScreen.storyboard in Resources */,
				4779CEBB2870E0020064F5AF /* Assets.xcassets in Resources */,
				4779CEB92870E0010064F5AF /* Main.storyboard in Resources */,
			);
			runOnlyForDeploymentPostprocessing = 0;
		};
/* End PBXResourcesBuildPhase section */

/* Begin PBXSourcesBuildPhase section */
		4779CEAA2870E0010064F5AF /* Sources */ = {
			isa = PBXSourcesBuildPhase;
			buildActionMask = 2147483647;
			files = (
				4779CECA2870E09C0064F5AF /* Crypto.swift in Sources */,
				4779CEB62870E0010064F5AF /* ViewController.swift in Sources */,
				4779CEB22870E0010064F5AF /* AppDelegate.swift in Sources */,
				47A1BBE7287234C40057E42D /* RandomCount.swift in Sources */,
				4779CEB42870E0010064F5AF /* SceneDelegate.swift in Sources */,
			);
			runOnlyForDeploymentPostprocessing = 0;
		};
/* End PBXSourcesBuildPhase section */

/* Begin PBXVariantGroup section */
		4779CEB72870E0010064F5AF /* Main.storyboard */ = {
			isa = PBXVariantGroup;
			children = (
				4779CEB82870E0010064F5AF /* Base */,
			);
			name = Main.storyboard;
			sourceTree = "<group>";
		};
		4779CEBC2870E0020064F5AF /* LaunchScreen.storyboard */ = {
			isa = PBXVariantGroup;
			children = (
				4779CEBD2870E0020064F5AF /* Base */,
			);
			name = LaunchScreen.storyboard;
			sourceTree = "<group>";
		};
/* End PBXVariantGroup section */

/* Begin XCBuildConfiguration section */
		4779CEC02870E0020064F5AF /* Debug */ = {
			isa = XCBuildConfiguration;
			buildSettings = {
				ALWAYS_SEARCH_USER_PATHS = NO;
				CLANG_ANALYZER_NONNULL = YES;
				CLANG_ANALYZER_NUMBER_OBJECT_CONVERSION = YES_AGGRESSIVE;
				CLANG_CXX_LANGUAGE_STANDARD = "gnu++17";
				CLANG_ENABLE_MODULES = YES;
				CLANG_ENABLE_OBJC_ARC = YES;
				CLANG_ENABLE_OBJC_WEAK = YES;
				CLANG_WARN_BLOCK_CAPTURE_AUTORELEASING = YES;
				CLANG_WARN_BOOL_CONVERSION = YES;
				CLANG_WARN_COMMA = YES;
				CLANG_WARN_CONSTANT_CONVERSION = YES;
				CLANG_WARN_DEPRECATED_OBJC_IMPLEMENTATIONS = YES;
				CLANG_WARN_DIRECT_OBJC_ISA_USAGE = YES_ERROR;
				CLANG_WARN_DOCUMENTATION_COMMENTS = YES;
				CLANG_WARN_EMPTY_BODY = YES;
				CLANG_WARN_ENUM_CONVERSION = YES;
				CLANG_WARN_INFINITE_RECURSION = YES;
				CLANG_WARN_INT_CONVERSION = YES;
				CLANG_WARN_NON_LITERAL_NULL_CONVERSION = YES;
				CLANG_WARN_OBJC_IMPLICIT_RETAIN_SELF = YES;
				CLANG_WARN_OBJC_LITERAL_CONVERSION = YES;
				CLANG_WARN_OBJC_ROOT_CLASS = YES_ERROR;
				CLANG_WARN_QUOTED_INCLUDE_IN_FRAMEWORK_HEADER = YES;
				CLANG_WARN_RANGE_LOOP_ANALYSIS = YES;
				CLANG_WARN_STRICT_PROTOTYPES = YES;
				CLANG_WARN_SUSPICIOUS_MOVE = YES;
				CLANG_WARN_UNGUARDED_AVAILABILITY = YES_AGGRESSIVE;
				CLANG_WARN_UNREACHABLE_CODE = YES;
				CLANG_WARN__DUPLICATE_METHOD_MATCH = YES;
				COPY_PHASE_STRIP = NO;
				DEBUG_INFORMATION_FORMAT = dwarf;
				ENABLE_STRICT_OBJC_MSGSEND = YES;
				ENABLE_TESTABILITY = YES;
				GCC_C_LANGUAGE_STANDARD = gnu11;
				GCC_DYNAMIC_NO_PIC = NO;
				GCC_NO_COMMON_BLOCKS = YES;
				GCC_OPTIMIZATION_LEVEL = 0;
				GCC_PREPROCESSOR_DEFINITIONS = (
					"DEBUG=1",
					"$(inherited)",
				);
				GCC_WARN_64_TO_32_BIT_CONVERSION = YES;
				GCC_WARN_ABOUT_RETURN_TYPE = YES_ERROR;
				GCC_WARN_UNDECLARED_SELECTOR = YES;
				GCC_WARN_UNINITIALIZED_AUTOS = YES_AGGRESSIVE;
				GCC_WARN_UNUSED_FUNCTION = YES;
				GCC_WARN_UNUSED_VARIABLE = YES;
				IPHONEOS_DEPLOYMENT_TARGET = 15.5;
				MTL_ENABLE_DEBUG_INFO = INCLUDE_SOURCE;
				MTL_FAST_MATH = YES;
				ONLY_ACTIVE_ARCH = YES;
				SDKROOT = iphoneos;
				SWIFT_ACTIVE_COMPILATION_CONDITIONS = DEBUG;
				SWIFT_OPTIMIZATION_LEVEL = "-Onone";
			};
			name = Debug;
		};
		4779CEC12870E0020064F5AF /* Release */ = {
			isa = XCBuildConfiguration;
			buildSettings = {
				ALWAYS_SEARCH_USER_PATHS = NO;
				CLANG_ANALYZER_NONNULL = YES;
				CLANG_ANALYZER_NUMBER_OBJECT_CONVERSION = YES_AGGRESSIVE;
				CLANG_CXX_LANGUAGE_STANDARD = "gnu++17";
				CLANG_ENABLE_MODULES = YES;
				CLANG_ENABLE_OBJC_ARC = YES;
				CLANG_ENABLE_OBJC_WEAK = YES;
				CLANG_WARN_BLOCK_CAPTURE_AUTORELEASING = YES;
				CLANG_WARN_BOOL_CONVERSION = YES;
				CLANG_WARN_COMMA = YES;
				CLANG_WARN_CONSTANT_CONVERSION = YES;
				CLANG_WARN_DEPRECATED_OBJC_IMPLEMENTATIONS = YES;
				CLANG_WARN_DIRECT_OBJC_ISA_USAGE = YES_ERROR;
				CLANG_WARN_DOCUMENTATION_COMMENTS = YES;
				CLANG_WARN_EMPTY_BODY = YES;
				CLANG_WARN_ENUM_CONVERSION = YES;
				CLANG_WARN_INFINITE_RECURSION = YES;
				CLANG_WARN_INT_CONVERSION = YES;
				CLANG_WARN_NON_LITERAL_NULL_CONVERSION = YES;
				CLANG_WARN_OBJC_IMPLICIT_RETAIN_SELF = YES;
				CLANG_WARN_OBJC_LITERAL_CONVERSION = YES;
				CLANG_WARN_OBJC_ROOT_CLASS = YES_ERROR;
				CLANG_WARN_QUOTED_INCLUDE_IN_FRAMEWORK_HEADER = YES;
				CLANG_WARN_RANGE_LOOP_ANALYSIS = YES;
				CLANG_WARN_STRICT_PROTOTYPES = YES;
				CLANG_WARN_SUSPICIOUS_MOVE = YES;
				CLANG_WARN_UNGUARDED_AVAILABILITY = YES_AGGRESSIVE;
				CLANG_WARN_UNREACHABLE_CODE = YES;
				CLANG_WARN__DUPLICATE_METHOD_MATCH = YES;
				COPY_PHASE_STRIP = NO;
				DEBUG_INFORMATION_FORMAT = "dwarf-with-dsym";
				ENABLE_NS_ASSERTIONS = NO;
				ENABLE_STRICT_OBJC_MSGSEND = YES;
				GCC_C_LANGUAGE_STANDARD = gnu11;
				GCC_NO_COMMON_BLOCKS = YES;
				GCC_WARN_64_TO_32_BIT_CONVERSION = YES;
				GCC_WARN_ABOUT_RETURN_TYPE = YES_ERROR;
				GCC_WARN_UNDECLARED_SELECTOR = YES;
				GCC_WARN_UNINITIALIZED_AUTOS = YES_AGGRESSIVE;
				GCC_WARN_UNUSED_FUNCTION = YES;
				GCC_WARN_UNUSED_VARIABLE = YES;
				IPHONEOS_DEPLOYMENT_TARGET = 15.5;
				MTL_ENABLE_DEBUG_INFO = NO;
				MTL_FAST_MATH = YES;
				SDKROOT = iphoneos;
				SWIFT_COMPILATION_MODE = wholemodule;
				SWIFT_OPTIMIZATION_LEVEL = "-O";
				VALIDATE_PRODUCT = YES;
			};
			name = Release;
		};
		4779CEC32870E0020064F5AF /* Debug */ = {
			isa = XCBuildConfiguration;
			buildSettings = {
				ASSETCATALOG_COMPILER_APPICON_NAME = AppIcon;
				ASSETCATALOG_COMPILER_GLOBAL_ACCENT_COLOR_NAME = AccentColor;
				CODE_SIGN_STYLE = Automatic;
				CURRENT_PROJECT_VERSION = 1;
				DEVELOPMENT_TEAM = ZNR2D834QB;
				GENERATE_INFOPLIST_FILE = YES;
				INFOPLIST_FILE = "MVC-Arc/Info.plist";
				INFOPLIST_KEY_UIApplicationSupportsIndirectInputEvents = YES;
				INFOPLIST_KEY_UILaunchStoryboardName = LaunchScreen;
				INFOPLIST_KEY_UIMainStoryboardFile = Main;
				INFOPLIST_KEY_UISupportedInterfaceOrientations_iPad = "UIInterfaceOrientationPortrait UIInterfaceOrientationPortraitUpsideDown UIInterfaceOrientationLandscapeLeft UIInterfaceOrientationLandscapeRight";
				INFOPLIST_KEY_UISupportedInterfaceOrientations_iPhone = "UIInterfaceOrientationPortrait UIInterfaceOrientationLandscapeLeft UIInterfaceOrientationLandscapeRight";
				LD_RUNPATH_SEARCH_PATHS = (
					"$(inherited)",
					"@executable_path/Frameworks",
				);
				MARKETING_VERSION = 1.0;
				PRODUCT_BUNDLE_IDENTIFIER = "almor.MVC-Arc";
				PRODUCT_NAME = "$(TARGET_NAME)";
				SWIFT_EMIT_LOC_STRINGS = YES;
				SWIFT_VERSION = 5.0;
				TARGETED_DEVICE_FAMILY = "1,2";
			};
			name = Debug;
		};
		4779CEC42870E0020064F5AF /* Release */ = {
			isa = XCBuildConfiguration;
			buildSettings = {
				ASSETCATALOG_COMPILER_APPICON_NAME = AppIcon;
				ASSETCATALOG_COMPILER_GLOBAL_ACCENT_COLOR_NAME = AccentColor;
				CODE_SIGN_STYLE = Automatic;
				CURRENT_PROJECT_VERSION = 1;
				DEVELOPMENT_TEAM = ZNR2D834QB;
				GENERATE_INFOPLIST_FILE = YES;
				INFOPLIST_FILE = "MVC-Arc/Info.plist";
				INFOPLIST_KEY_UIApplicationSupportsIndirectInputEvents = YES;
				INFOPLIST_KEY_UILaunchStoryboardName = LaunchScreen;
				INFOPLIST_KEY_UIMainStoryboardFile = Main;
				INFOPLIST_KEY_UISupportedInterfaceOrientations_iPad = "UIInterfaceOrientationPortrait UIInterfaceOrientationPortraitUpsideDown UIInterfaceOrientationLandscapeLeft UIInterfaceOrientationLandscapeRight";
				INFOPLIST_KEY_UISupportedInterfaceOrientations_iPhone = "UIInterfaceOrientationPortrait UIInterfaceOrientationLandscapeLeft UIInterfaceOrientationLandscapeRight";
				LD_RUNPATH_SEARCH_PATHS = (
					"$(inherited)",
					"@executable_path/Frameworks",
				);
				MARKETING_VERSION = 1.0;
				PRODUCT_BUNDLE_IDENTIFIER = "almor.MVC-Arc";
				PRODUCT_NAME = "$(TARGET_NAME)";
				SWIFT_EMIT_LOC_STRINGS = YES;
				SWIFT_VERSION = 5.0;
				TARGETED_DEVICE_FAMILY = "1,2";
			};
			name = Release;
		};
/* End XCBuildConfiguration section */

/* Begin XCConfigurationList section */
		4779CEA92870E0010064F5AF /* Build configuration list for PBXProject "MVC-Arc" */ = {
			isa = XCConfigurationList;
			buildConfigurations = (
				4779CEC02870E0020064F5AF /* Debug */,
				4779CEC12870E0020064F5AF /* Release */,
			);
			defaultConfigurationIsVisible = 0;
			defaultConfigurationName = Release;
		};
		4779CEC22870E0020064F5AF /* Build configuration list for PBXNativeTarget "MVC-Arc" */ = {
			isa = XCConfigurationList;
			buildConfigurations = (
				4779CEC32870E0020064F5AF /* Debug */,
				4779CEC42870E0020064F5AF /* Release */,
			);
			defaultConfigurationIsVisible = 0;
			defaultConfigurationName = Release;
		};
/* End XCConfigurationList section */
	};
	rootObject = 4779CEA62870E0010064F5AF /* Project object */;
}
