// !$*UTF8*$!
{
	archiveVersion = 1;
	classes = {
	};
	objectVersion = 55;
	objects = {

/* Begin PBXBuildFile section */
		47FCE44628035ABC0070861C /* AppDelegate.swift in Sources */ = {isa = PBXBuildFile; fileRef = 47FCE44528035ABC0070861C /* AppDelegate.swift */; };
		47FCE44828035ABC0070861C /* SceneDelegate.swift in Sources */ = {isa = PBXBuildFile; fileRef = 47FCE44728035ABC0070861C /* SceneDelegate.swift */; };
		47FCE44A28035ABC0070861C /* NoteDetailVC.swift in Sources */ = {isa = PBXBuildFile; fileRef = 47FCE44928035ABC0070861C /* NoteDetailVC.swift */; };
		47FCE44D28035ABC0070861C /* Main.storyboard in Resources */ = {isa = PBXBuildFile; fileRef = 47FCE44B28035ABC0070861C /* Main.storyboard */; };
		47FCE45028035ABC0070861C /* NotesCoreData.xcdatamodeld in Sources */ = {isa = PBXBuildFile; fileRef = 47FCE44E28035ABC0070861C /* NotesCoreData.xcdatamodeld */; };
		47FCE45228035ABD0070861C /* Assets.xcassets in Resources */ = {isa = PBXBuildFile; fileRef = 47FCE45128035ABD0070861C /* Assets.xcassets */; };
		47FCE45528035ABD0070861C /* LaunchScreen.storyboard in Resources */ = {isa = PBXBuildFile; fileRef = 47FCE45328035ABD0070861C /* LaunchScreen.storyboard */; };
		47FCE45D28035F680070861C /* NoteCell.swift in Sources */ = {isa = PBXBuildFile; fileRef = 47FCE45C28035F680070861C /* NoteCell.swift */; };
		47FCE45F28035FEA0070861C /* NoteTableView.swift in Sources */ = {isa = PBXBuildFile; fileRef = 47FCE45E28035FEA0070861C /* NoteTableView.swift */; };
		47FCE461280367590070861C /* Note.swift in Sources */ = {isa = PBXBuildFile; fileRef = 47FCE460280367590070861C /* Note.swift */; };
/* End PBXBuildFile section */

/* Begin PBXFileReference section */
		47FCE44228035ABC0070861C /* NotesCoreData.app */ = {isa = PBXFileReference; explicitFileType = wrapper.application; includeInIndex = 0; path = NotesCoreData.app; sourceTree = BUILT_PRODUCTS_DIR; };
		47FCE44528035ABC0070861C /* AppDelegate.swift */ = {isa = PBXFileReference; lastKnownFileType = sourcecode.swift; path = AppDelegate.swift; sourceTree = "<group>"; };
		47FCE44728035ABC0070861C /* SceneDelegate.swift */ = {isa = PBXFileReference; lastKnownFileType = sourcecode.swift; path = SceneDelegate.swift; sourceTree = "<group>"; };
		47FCE44928035ABC0070861C /* NoteDetailVC.swift */ = {isa = PBXFileReference; lastKnownFileType = sourcecode.swift; path = NoteDetailVC.swift; sourceTree = "<group>"; };
		47FCE44C28035ABC0070861C /* Base */ = {isa = PBXFileReference; lastKnownFileType = file.storyboard; name = Base; path = Base.lproj/Main.storyboard; sourceTree = "<group>"; };
		47FCE44F28035ABC0070861C /* NotesCoreData.xcdatamodel */ = {isa = PBXFileReference; lastKnownFileType = wrapper.xcdatamodel; path = NotesCoreData.xcdatamodel; sourceTree = "<group>"; };
		47FCE45128035ABD0070861C /* Assets.xcassets */ = {isa = PBXFileReference; lastKnownFileType = folder.assetcatalog; path = Assets.xcassets; sourceTree = "<group>"; };
		47FCE45428035ABD0070861C /* Base */ = {isa = PBXFileReference; lastKnownFileType = file.storyboard; name = Base; path = Base.lproj/LaunchScreen.storyboard; sourceTree = "<group>"; };
		47FCE45628035ABD0070861C /* Info.plist */ = {isa = PBXFileReference; lastKnownFileType = text.plist.xml; path = Info.plist; sourceTree = "<group>"; };
		47FCE45C28035F680070861C /* NoteCell.swift */ = {isa = PBXFileReference; lastKnownFileType = sourcecode.swift; path = NoteCell.swift; sourceTree = "<group>"; };
		47FCE45E28035FEA0070861C /* NoteTableView.swift */ = {isa = PBXFileReference; lastKnownFileType = sourcecode.swift; path = NoteTableView.swift; sourceTree = "<group>"; };
		47FCE460280367590070861C /* Note.swift */ = {isa = PBXFileReference; lastKnownFileType = sourcecode.swift; path = Note.swift; sourceTree = "<group>"; };
/* End PBXFileReference section */

/* Begin PBXFrameworksBuildPhase section */
		47FCE43F28035ABC0070861C /* Frameworks */ = {
			isa = PBXFrameworksBuildPhase;
			buildActionMask = 2147483647;
			files = (
			);
			runOnlyForDeploymentPostprocessing = 0;
		};
/* End PBXFrameworksBuildPhase section */

/* Begin PBXGroup section */
		47FCE43928035ABC0070861C = {
			isa = PBXGroup;
			children = (
				47FCE44428035ABC0070861C /* NotesCoreData */,
				47FCE44328035ABC0070861C /* Products */,
			);
			sourceTree = "<group>";
		};
		47FCE44328035ABC0070861C /* Products */ = {
			isa = PBXGroup;
			children = (
				47FCE44228035ABC0070861C /* NotesCoreData.app */,
			);
			name = Products;
			sourceTree = "<group>";
		};
		47FCE44428035ABC0070861C /* NotesCoreData */ = {
			isa = PBXGroup;
			children = (
				47FCE44528035ABC0070861C /* AppDelegate.swift */,
				47FCE44728035ABC0070861C /* SceneDelegate.swift */,
				47FCE44928035ABC0070861C /* NoteDetailVC.swift */,
				47FCE44B28035ABC0070861C /* Main.storyboard */,
				47FCE45C28035F680070861C /* NoteCell.swift */,
				47FCE45E28035FEA0070861C /* NoteTableView.swift */,
				47FCE45128035ABD0070861C /* Assets.xcassets */,
				47FCE45328035ABD0070861C /* LaunchScreen.storyboard */,
				47FCE45628035ABD0070861C /* Info.plist */,
				47FCE44E28035ABC0070861C /* NotesCoreData.xcdatamodeld */,
				47FCE460280367590070861C /* Note.swift */,
			);
			path = NotesCoreData;
			sourceTree = "<group>";
		};
/* End PBXGroup section */

/* Begin PBXNativeTarget section */
		47FCE44128035ABC0070861C /* NotesCoreData */ = {
			isa = PBXNativeTarget;
			buildConfigurationList = 47FCE45928035ABD0070861C /* Build configuration list for PBXNativeTarget "NotesCoreData" */;
			buildPhases = (
				47FCE43E28035ABC0070861C /* Sources */,
				47FCE43F28035ABC0070861C /* Frameworks */,
				47FCE44028035ABC0070861C /* Resources */,
			);
			buildRules = (
			);
			dependencies = (
			);
			name = NotesCoreData;
			productName = NotesCoreData;
			productReference = 47FCE44228035ABC0070861C /* NotesCoreData.app */;
			productType = "com.apple.product-type.application";
		};
/* End PBXNativeTarget section */

/* Begin PBXProject section */
		47FCE43A28035ABC0070861C /* Project object */ = {
			isa = PBXProject;
			attributes = {
				BuildIndependentTargetsInParallel = 1;
				LastSwiftUpdateCheck = 1330;
				LastUpgradeCheck = 1330;
				TargetAttributes = {
					47FCE44128035ABC0070861C = {
						CreatedOnToolsVersion = 13.3;
					};
				};
			};
			buildConfigurationList = 47FCE43D28035ABC0070861C /* Build configuration list for PBXProject "NotesCoreData" */;
			compatibilityVersion = "Xcode 13.0";
			developmentRegion = en;
			hasScannedForEncodings = 0;
			knownRegions = (
				en,
				Base,
			);
			mainGroup = 47FCE43928035ABC0070861C;
			productRefGroup = 47FCE44328035ABC0070861C /* Products */;
			projectDirPath = "";
			projectRoot = "";
			targets = (
				47FCE44128035ABC0070861C /* NotesCoreData */,
			);
		};
/* End PBXProject section */

/* Begin PBXResourcesBuildPhase section */
		47FCE44028035ABC0070861C /* Resources */ = {
			isa = PBXResourcesBuildPhase;
			buildActionMask = 2147483647;
			files = (
				47FCE45528035ABD0070861C /* LaunchScreen.storyboard in Resources */,
				47FCE45228035ABD0070861C /* Assets.xcassets in Resources */,
				47FCE44D28035ABC0070861C /* Main.storyboard in Resources */,
			);
			runOnlyForDeploymentPostprocessing = 0;
		};
/* End PBXResourcesBuildPhase section */

/* Begin PBXSourcesBuildPhase section */
		47FCE43E28035ABC0070861C /* Sources */ = {
			isa = PBXSourcesBuildPhase;
			buildActionMask = 2147483647;
			files = (
				47FCE44A28035ABC0070861C /* NoteDetailVC.swift in Sources */,
				47FCE45F28035FEA0070861C /* NoteTableView.swift in Sources */,
				47FCE461280367590070861C /* Note.swift in Sources */,
				47FCE44628035ABC0070861C /* AppDelegate.swift in Sources */,
				47FCE45D28035F680070861C /* NoteCell.swift in Sources */,
				47FCE45028035ABC0070861C /* NotesCoreData.xcdatamodeld in Sources */,
				47FCE44828035ABC0070861C /* SceneDelegate.swift in Sources */,
			);
			runOnlyForDeploymentPostprocessing = 0;
		};
/* End PBXSourcesBuildPhase section */

/* Begin PBXVariantGroup section */
		47FCE44B28035ABC0070861C /* Main.storyboard */ = {
			isa = PBXVariantGroup;
			children = (
				47FCE44C28035ABC0070861C /* Base */,
			);
			name = Main.storyboard;
			sourceTree = "<group>";
		};
		47FCE45328035ABD0070861C /* LaunchScreen.storyboard */ = {
			isa = PBXVariantGroup;
			children = (
				47FCE45428035ABD0070861C /* Base */,
			);
			name = LaunchScreen.storyboard;
			sourceTree = "<group>";
		};
/* End PBXVariantGroup section */

/* Begin XCBuildConfiguration section */
		47FCE45728035ABD0070861C /* Debug */ = {
			isa = XCBuildConfiguration;
			buildSettings = {
				ALWAYS_SEARCH_USER_PATHS = NO;
				CLANG_ANALYZER_NONNULL = YES;
				CLANG_ANALYZER_NUMBER_OBJECT_CONVERSION = YES_AGGRESSIVE;
				CLANG_CXX_LANGUAGE_STANDARD = "gnu++17";
				CLANG_ENABLE_MODULES = YES;
				CLANG_ENABLE_OBJC_ARC = YES;
				CLANG_ENABLE_OBJC_WEAK = YES;
				CLANG_WARN_BLOCK_CAPTURE_AUTORELEASING = YES;
				CLANG_WARN_BOOL_CONVERSION = YES;
				CLANG_WARN_COMMA = YES;
				CLANG_WARN_CONSTANT_CONVERSION = YES;
				CLANG_WARN_DEPRECATED_OBJC_IMPLEMENTATIONS = YES;
				CLANG_WARN_DIRECT_OBJC_ISA_USAGE = YES_ERROR;
				CLANG_WARN_DOCUMENTATION_COMMENTS = YES;
				CLANG_WARN_EMPTY_BODY = YES;
				CLANG_WARN_ENUM_CONVERSION = YES;
				CLANG_WARN_INFINITE_RECURSION = YES;
				CLANG_WARN_INT_CONVERSION = YES;
				CLANG_WARN_NON_LITERAL_NULL_CONVERSION = YES;
				CLANG_WARN_OBJC_IMPLICIT_RETAIN_SELF = YES;
				CLANG_WARN_OBJC_LITERAL_CONVERSION = YES;
				CLANG_WARN_OBJC_ROOT_CLASS = YES_ERROR;
				CLANG_WARN_QUOTED_INCLUDE_IN_FRAMEWORK_HEADER = YES;
				CLANG_WARN_RANGE_LOOP_ANALYSIS = YES;
				CLANG_WARN_STRICT_PROTOTYPES = YES;
				CLANG_WARN_SUSPICIOUS_MOVE = YES;
				CLANG_WARN_UNGUARDED_AVAILABILITY = YES_AGGRESSIVE;
				CLANG_WARN_UNREACHABLE_CODE = YES;
				CLANG_WARN__DUPLICATE_METHOD_MATCH = YES;
				COPY_PHASE_STRIP = NO;
				DEBUG_INFORMATION_FORMAT = dwarf;
				ENABLE_STRICT_OBJC_MSGSEND = YES;
				ENABLE_TESTABILITY = YES;
				GCC_C_LANGUAGE_STANDARD = gnu11;
				GCC_DYNAMIC_NO_PIC = NO;
				GCC_NO_COMMON_BLOCKS = YES;
				GCC_OPTIMIZATION_LEVEL = 0;
				GCC_PREPROCESSOR_DEFINITIONS = (
					"DEBUG=1",
					"$(inherited)",
				);
				GCC_WARN_64_TO_32_BIT_CONVERSION = YES;
				GCC_WARN_ABOUT_RETURN_TYPE = YES_ERROR;
				GCC_WARN_UNDECLARED_SELECTOR = YES;
				GCC_WARN_UNINITIALIZED_AUTOS = YES_AGGRESSIVE;
				GCC_WARN_UNUSED_FUNCTION = YES;
				GCC_WARN_UNUSED_VARIABLE = YES;
				IPHONEOS_DEPLOYMENT_TARGET = 15.4;
				MTL_ENABLE_DEBUG_INFO = INCLUDE_SOURCE;
				MTL_FAST_MATH = YES;
				ONLY_ACTIVE_ARCH = YES;
				SDKROOT = iphoneos;
				SWIFT_ACTIVE_COMPILATION_CONDITIONS = DEBUG;
				SWIFT_OPTIMIZATION_LEVEL = "-Onone";
			};
			name = Debug;
		};
		47FCE45828035ABD0070861C /* Release */ = {
			isa = XCBuildConfiguration;
			buildSettings = {
				ALWAYS_SEARCH_USER_PATHS = NO;
				CLANG_ANALYZER_NONNULL = YES;
				CLANG_ANALYZER_NUMBER_OBJECT_CONVERSION = YES_AGGRESSIVE;
				CLANG_CXX_LANGUAGE_STANDARD = "gnu++17";
				CLANG_ENABLE_MODULES = YES;
				CLANG_ENABLE_OBJC_ARC = YES;
				CLANG_ENABLE_OBJC_WEAK = YES;
				CLANG_WARN_BLOCK_CAPTURE_AUTORELEASING = YES;
				CLANG_WARN_BOOL_CONVERSION = YES;
				CLANG_WARN_COMMA = YES;
				CLANG_WARN_CONSTANT_CONVERSION = YES;
				CLANG_WARN_DEPRECATED_OBJC_IMPLEMENTATIONS = YES;
				CLANG_WARN_DIRECT_OBJC_ISA_USAGE = YES_ERROR;
				CLANG_WARN_DOCUMENTATION_COMMENTS = YES;
				CLANG_WARN_EMPTY_BODY = YES;
				CLANG_WARN_ENUM_CONVERSION = YES;
				CLANG_WARN_INFINITE_RECURSION = YES;
				CLANG_WARN_INT_CONVERSION = YES;
				CLANG_WARN_NON_LITERAL_NULL_CONVERSION = YES;
				CLANG_WARN_OBJC_IMPLICIT_RETAIN_SELF = YES;
				CLANG_WARN_OBJC_LITERAL_CONVERSION = YES;
				CLANG_WARN_OBJC_ROOT_CLASS = YES_ERROR;
				CLANG_WARN_QUOTED_INCLUDE_IN_FRAMEWORK_HEADER = YES;
				CLANG_WARN_RANGE_LOOP_ANALYSIS = YES;
				CLANG_WARN_STRICT_PROTOTYPES = YES;
				CLANG_WARN_SUSPICIOUS_MOVE = YES;
				CLANG_WARN_UNGUARDED_AVAILABILITY = YES_AGGRESSIVE;
				CLANG_WARN_UNREACHABLE_CODE = YES;
				CLANG_WARN__DUPLICATE_METHOD_MATCH = YES;
				COPY_PHASE_STRIP = NO;
				DEBUG_INFORMATION_FORMAT = "dwarf-with-dsym";
				ENABLE_NS_ASSERTIONS = NO;
				ENABLE_STRICT_OBJC_MSGSEND = YES;
				GCC_C_LANGUAGE_STANDARD = gnu11;
				GCC_NO_COMMON_BLOCKS = YES;
				GCC_WARN_64_TO_32_BIT_CONVERSION = YES;
				GCC_WARN_ABOUT_RETURN_TYPE = YES_ERROR;
				GCC_WARN_UNDECLARED_SELECTOR = YES;
				GCC_WARN_UNINITIALIZED_AUTOS = YES_AGGRESSIVE;
				GCC_WARN_UNUSED_FUNCTION = YES;
				GCC_WARN_UNUSED_VARIABLE = YES;
				IPHONEOS_DEPLOYMENT_TARGET = 15.4;
				MTL_ENABLE_DEBUG_INFO = NO;
				MTL_FAST_MATH = YES;
				SDKROOT = iphoneos;
				SWIFT_COMPILATION_MODE = wholemodule;
				SWIFT_OPTIMIZATION_LEVEL = "-O";
				VALIDATE_PRODUCT = YES;
			};
			name = Release;
		};
		47FCE45A28035ABD0070861C /* Debug */ = {
			isa = XCBuildConfiguration;
			buildSettings = {
				ASSETCATALOG_COMPILER_APPICON_NAME = AppIcon;
				ASSETCATALOG_COMPILER_GLOBAL_ACCENT_COLOR_NAME = AccentColor;
				CODE_SIGN_STYLE = Automatic;
				CURRENT_PROJECT_VERSION = 1;
				DEVELOPMENT_TEAM = ZNR2D834QB;
				GENERATE_INFOPLIST_FILE = YES;
				INFOPLIST_FILE = NotesCoreData/Info.plist;
				INFOPLIST_KEY_UIApplicationSupportsIndirectInputEvents = YES;
				INFOPLIST_KEY_UILaunchStoryboardName = LaunchScreen;
				INFOPLIST_KEY_UIMainStoryboardFile = Main;
				INFOPLIST_KEY_UISupportedInterfaceOrientations_iPad = "UIInterfaceOrientationPortrait UIInterfaceOrientationPortraitUpsideDown UIInterfaceOrientationLandscapeLeft UIInterfaceOrientationLandscapeRight";
				INFOPLIST_KEY_UISupportedInterfaceOrientations_iPhone = "UIInterfaceOrientationPortrait UIInterfaceOrientationLandscapeLeft UIInterfaceOrientationLandscapeRight";
				LD_RUNPATH_SEARCH_PATHS = (
					"$(inherited)",
					"@executable_path/Frameworks",
				);
				MARKETING_VERSION = 1.0;
				PRODUCT_BUNDLE_IDENTIFIER = almor.NotesCoreData;
				PRODUCT_NAME = "$(TARGET_NAME)";
				SWIFT_EMIT_LOC_STRINGS = YES;
				SWIFT_VERSION = 5.0;
				TARGETED_DEVICE_FAMILY = "1,2";
			};
			name = Debug;
		};
		47FCE45B28035ABD0070861C /* Release */ = {
			isa = XCBuildConfiguration;
			buildSettings = {
				ASSETCATALOG_COMPILER_APPICON_NAME = AppIcon;
				ASSETCATALOG_COMPILER_GLOBAL_ACCENT_COLOR_NAME = AccentColor;
				CODE_SIGN_STYLE = Automatic;
				CURRENT_PROJECT_VERSION = 1;
				DEVELOPMENT_TEAM = ZNR2D834QB;
				GENERATE_INFOPLIST_FILE = YES;
				INFOPLIST_FILE = NotesCoreData/Info.plist;
				INFOPLIST_KEY_UIApplicationSupportsIndirectInputEvents = YES;
				INFOPLIST_KEY_UILaunchStoryboardName = LaunchScreen;
				INFOPLIST_KEY_UIMainStoryboardFile = Main;
				INFOPLIST_KEY_UISupportedInterfaceOrientations_iPad = "UIInterfaceOrientationPortrait UIInterfaceOrientationPortraitUpsideDown UIInterfaceOrientationLandscapeLeft UIInterfaceOrientationLandscapeRight";
				INFOPLIST_KEY_UISupportedInterfaceOrientations_iPhone = "UIInterfaceOrientationPortrait UIInterfaceOrientationLandscapeLeft UIInterfaceOrientationLandscapeRight";
				LD_RUNPATH_SEARCH_PATHS = (
					"$(inherited)",
					"@executable_path/Frameworks",
				);
				MARKETING_VERSION = 1.0;
				PRODUCT_BUNDLE_IDENTIFIER = almor.NotesCoreData;
				PRODUCT_NAME = "$(TARGET_NAME)";
				SWIFT_EMIT_LOC_STRINGS = YES;
				SWIFT_VERSION = 5.0;
				TARGETED_DEVICE_FAMILY = "1,2";
			};
			name = Release;
		};
/* End XCBuildConfiguration section */

/* Begin XCConfigurationList section */
		47FCE43D28035ABC0070861C /* Build configuration list for PBXProject "NotesCoreData" */ = {
			isa = XCConfigurationList;
			buildConfigurations = (
				47FCE45728035ABD0070861C /* Debug */,
				47FCE45828035ABD0070861C /* Release */,
			);
			defaultConfigurationIsVisible = 0;
			defaultConfigurationName = Release;
		};
		47FCE45928035ABD0070861C /* Build configuration list for PBXNativeTarget "NotesCoreData" */ = {
			isa = XCConfigurationList;
			buildConfigurations = (
				47FCE45A28035ABD0070861C /* Debug */,
				47FCE45B28035ABD0070861C /* Release */,
			);
			defaultConfigurationIsVisible = 0;
			defaultConfigurationName = Release;
		};
/* End XCConfigurationList section */

/* Begin XCVersionGroup section */
		47FCE44E28035ABC0070861C /* NotesCoreData.xcdatamodeld */ = {
			isa = XCVersionGroup;
			children = (
				47FCE44F28035ABC0070861C /* NotesCoreData.xcdatamodel */,
			);
			currentVersion = 47FCE44F28035ABC0070861C /* NotesCoreData.xcdatamodel */;
			path = NotesCoreData.xcdatamodeld;
			sourceTree = "<group>";
			versionGroupType = wrapper.xcdatamodel;
		};
/* End XCVersionGroup section */
	};
	rootObject = 47FCE43A28035ABC0070861C /* Project object */;
}
